
Microsoft Visual Studio Solution File, Format Version 12.00
# Visual Studio Version 17
VisualStudioVersion = 17.13.35919.96 d17.13
MinimumVisualStudioVersion = 10.0.40219.1
Project("{FAE04EC0-301F-11D3-BF4B-00C04F79EFBC}") = "Práctica 2 Creando servicios webs #3", "Práctica 2 Creando servicios webs #3\Práctica 2 Creando servicios webs #3.csproj", "{1BC85D53-65F9-4258-B1F7-DE928105CEB2}"
EndProject
Global
	GlobalSection(SolutionConfigurationPlatforms) = preSolution
		Debug|Any CPU = Debug|Any CPU
		Release|Any CPU = Release|Any CPU
	EndGlobalSection
	GlobalSection(ProjectConfigurationPlatforms) = postSolution
		{1BC85D53-65F9-4258-B1F7-DE928105CEB2}.Debug|Any CPU.ActiveCfg = Debug|Any CPU
		{1BC85D53-65F9-4258-B1F7-DE928105CEB2}.Debug|Any CPU.Build.0 = Debug|Any CPU
		{1BC85D53-65F9-4258-B1F7-DE928105CEB2}.Release|Any CPU.ActiveCfg = Release|Any CPU
		{1BC85D53-65F9-4258-B1F7-DE928105CEB2}.Release|Any CPU.Build.0 = Release|Any CPU
	EndGlobalSection
	GlobalSection(SolutionProperties) = preSolution
		HideSolutionNode = FALSE
	EndGlobalSection
	GlobalSection(ExtensibilityGlobals) = postSolution
		SolutionGuid = {C103173A-FDC2-4912-A9BE-CF99ABF7672E}
	EndGlobalSection
EndGlobal
