
Microsoft Visual Studio Solution File, Format Version 12.00
# Visual Studio Version 17
VisualStudioVersion = 17.13.35919.96 d17.13
MinimumVisualStudioVersion = 10.0.40219.1
Project("{FAE04EC0-301F-11D3-BF4B-00C04F79EFBC}") = "Práctica 2 Creando servicios webs #4", "Práctica 2 Creando servicios webs #4\Práctica 2 Creando servicios webs #4.csproj", "{D15988A2-01CF-4C7C-87F1-D84BC2EC1EBA}"
EndProject
Global
	GlobalSection(SolutionConfigurationPlatforms) = preSolution
		Debug|Any CPU = Debug|Any CPU
		Release|Any CPU = Release|Any CPU
	EndGlobalSection
	GlobalSection(ProjectConfigurationPlatforms) = postSolution
		{D15988A2-01CF-4C7C-87F1-D84BC2EC1EBA}.Debug|Any CPU.ActiveCfg = Debug|Any CPU
		{D15988A2-01CF-4C7C-87F1-D84BC2EC1EBA}.Debug|Any CPU.Build.0 = Debug|Any CPU
		{D15988A2-01CF-4C7C-87F1-D84BC2EC1EBA}.Release|Any CPU.ActiveCfg = Release|Any CPU
		{D15988A2-01CF-4C7C-87F1-D84BC2EC1EBA}.Release|Any CPU.Build.0 = Release|Any CPU
	EndGlobalSection
	GlobalSection(SolutionProperties) = preSolution
		HideSolutionNode = FALSE
	EndGlobalSection
	GlobalSection(ExtensibilityGlobals) = postSolution
		SolutionGuid = {C0A23CF0-3C61-465A-A122-1AFBD82316B2}
	EndGlobalSection
EndGlobal
